
Microsoft Visual Studio Solution File, Format Version 12.00
# Visual Studio 15
VisualStudioVersion = 15.0.27130.2036
MinimumVisualStudioVersion = 10.0.40219.1
Project("{FAE04EC0-301F-11D3-BF4B-00C04F79EFBC}") = "KuchaMobile.Droid", "KuchaMobile\KuchaMobile.Android\KuchaMobile.Droid.csproj", "{001E193C-7FB5-4549-B6B8-41206836457F}"
EndProject
Project("{FAE04EC0-301F-11D3-BF4B-00C04F79EFBC}") = "KuchaMobile.iOS", "KuchaMobile\KuchaMobile.iOS\KuchaMobile.iOS.csproj", "{E2D3A88F-D0FF-48A2-AB65-CE1D81096A1D}"
EndProject
Project("{FAE04EC0-301F-11D3-BF4B-00C04F79EFBC}") = "KuchaMobile", "KuchaMobile\KuchaMobile\KuchaMobile.csproj", "{CE0F9FF9-CDF5-453A-B01E-C35828A67E27}"
EndProject
Global
	GlobalSection(SolutionConfigurationPlatforms) = preSolution
		Ad-Hoc|Any CPU = Ad-Hoc|Any CPU
		Ad-Hoc|iPhone = Ad-Hoc|iPhone
		Ad-Hoc|iPhoneSimulator = Ad-Hoc|iPhoneSimulator
		AppStore|Any CPU = AppStore|Any CPU
		AppStore|iPhone = AppStore|iPhone
		AppStore|iPhoneSimulator = AppStore|iPhoneSimulator
		Debug|Any CPU = Debug|Any CPU
		Debug|iPhone = Debug|iPhone
		Debug|iPhoneSimulator = Debug|iPhoneSimulator
		Release|Any CPU = Release|Any CPU
		Release|iPhone = Release|iPhone
		Release|iPhoneSimulator = Release|iPhoneSimulator
	EndGlobalSection
	GlobalSection(ProjectConfigurationPlatforms) = postSolution
		{001E193C-7FB5-4549-B6B8-41206836457F}.Ad-Hoc|Any CPU.ActiveCfg = Release|Any CPU
		{001E193C-7FB5-4549-B6B8-41206836457F}.Ad-Hoc|Any CPU.Build.0 = Release|Any CPU
		{001E193C-7FB5-4549-B6B8-41206836457F}.Ad-Hoc|Any CPU.Deploy.0 = Release|Any CPU
		{001E193C-7FB5-4549-B6B8-41206836457F}.Ad-Hoc|iPhone.ActiveCfg = Release|Any CPU
		{001E193C-7FB5-4549-B6B8-41206836457F}.Ad-Hoc|iPhone.Build.0 = Release|Any CPU
		{001E193C-7FB5-4549-B6B8-41206836457F}.Ad-Hoc|iPhone.Deploy.0 = Release|Any CPU
		{001E193C-7FB5-4549-B6B8-41206836457F}.Ad-Hoc|iPhoneSimulator.ActiveCfg = Release|Any CPU
		{001E193C-7FB5-4549-B6B8-41206836457F}.Ad-Hoc|iPhoneSimulator.Build.0 = Release|Any CPU
		{001E193C-7FB5-4549-B6B8-41206836457F}.Ad-Hoc|iPhoneSimulator.Deploy.0 = Release|Any CPU
		{001E193C-7FB5-4549-B6B8-41206836457F}.AppStore|Any CPU.ActiveCfg = Release|Any CPU
		{001E193C-7FB5-4549-B6B8-41206836457F}.AppStore|Any CPU.Build.0 = Release|Any CPU
		{001E193C-7FB5-4549-B6B8-41206836457F}.AppStore|Any CPU.Deploy.0 = Release|Any CPU
		{001E193C-7FB5-4549-B6B8-41206836457F}.AppStore|iPhone.ActiveCfg = Release|Any CPU
		{001E193C-7FB5-4549-B6B8-41206836457F}.AppStore|iPhone.Build.0 = Release|Any CPU
		{001E193C-7FB5-4549-B6B8-41206836457F}.AppStore|iPhone.Deploy.0 = Release|Any CPU
		{001E193C-7FB5-4549-B6B8-41206836457F}.AppStore|iPhoneSimulator.ActiveCfg = Release|Any CPU
		{001E193C-7FB5-4549-B6B8-41206836457F}.AppStore|iPhoneSimulator.Build.0 = Release|Any CPU
		{001E193C-7FB5-4549-B6B8-41206836457F}.AppStore|iPhoneSimulator.Deploy.0 = Release|Any CPU
		{001E193C-7FB5-4549-B6B8-41206836457F}.Debug|Any CPU.ActiveCfg = Debug|Any CPU
		{001E193C-7FB5-4549-B6B8-41206836457F}.Debug|Any CPU.Build.0 = Debug|Any CPU
		{001E193C-7FB5-4549-B6B8-41206836457F}.Debug|Any CPU.Deploy.0 = Debug|Any CPU
		{001E193C-7FB5-4549-B6B8-41206836457F}.Debug|iPhone.ActiveCfg = Debug|Any CPU
		{001E193C-7FB5-4549-B6B8-41206836457F}.Debug|iPhone.Build.0 = Debug|Any CPU
		{001E193C-7FB5-4549-B6B8-41206836457F}.Debug|iPhone.Deploy.0 = Debug|Any CPU
		{001E193C-7FB5-4549-B6B8-41206836457F}.Debug|iPhoneSimulator.ActiveCfg = Debug|Any CPU
		{001E193C-7FB5-4549-B6B8-41206836457F}.Debug|iPhoneSimulator.Build.0 = Debug|Any CPU
		{001E193C-7FB5-4549-B6B8-41206836457F}.Debug|iPhoneSimulator.Deploy.0 = Debug|Any CPU
		{001E193C-7FB5-4549-B6B8-41206836457F}.Release|Any CPU.ActiveCfg = Release|Any CPU
		{001E193C-7FB5-4549-B6B8-41206836457F}.Release|Any CPU.Build.0 = Release|Any CPU
		{001E193C-7FB5-4549-B6B8-41206836457F}.Release|Any CPU.Deploy.0 = Release|Any CPU
		{001E193C-7FB5-4549-B6B8-41206836457F}.Release|iPhone.ActiveCfg = Release|Any CPU
		{001E193C-7FB5-4549-B6B8-41206836457F}.Release|iPhone.Build.0 = Release|Any CPU
		{001E193C-7FB5-4549-B6B8-41206836457F}.Release|iPhone.Deploy.0 = Release|Any CPU
		{001E193C-7FB5-4549-B6B8-41206836457F}.Release|iPhoneSimulator.ActiveCfg = Release|Any CPU
		{001E193C-7FB5-4549-B6B8-41206836457F}.Release|iPhoneSimulator.Build.0 = Release|Any CPU
		{001E193C-7FB5-4549-B6B8-41206836457F}.Release|iPhoneSimulator.Deploy.0 = Release|Any CPU
		{E2D3A88F-D0FF-48A2-AB65-CE1D81096A1D}.Ad-Hoc|Any CPU.ActiveCfg = Ad-Hoc|iPhone
		{E2D3A88F-D0FF-48A2-AB65-CE1D81096A1D}.Ad-Hoc|iPhone.ActiveCfg = Ad-Hoc|iPhone
		{E2D3A88F-D0FF-48A2-AB65-CE1D81096A1D}.Ad-Hoc|iPhone.Build.0 = Ad-Hoc|iPhone
		{E2D3A88F-D0FF-48A2-AB65-CE1D81096A1D}.Ad-Hoc|iPhoneSimulator.ActiveCfg = Ad-Hoc|iPhoneSimulator
		{E2D3A88F-D0FF-48A2-AB65-CE1D81096A1D}.Ad-Hoc|iPhoneSimulator.Build.0 = Ad-Hoc|iPhoneSimulator
		{E2D3A88F-D0FF-48A2-AB65-CE1D81096A1D}.AppStore|Any CPU.ActiveCfg = AppStore|iPhone
		{E2D3A88F-D0FF-48A2-AB65-CE1D81096A1D}.AppStore|iPhone.ActiveCfg = AppStore|iPhone
		{E2D3A88F-D0FF-48A2-AB65-CE1D81096A1D}.AppStore|iPhone.Build.0 = AppStore|iPhone
		{E2D3A88F-D0FF-48A2-AB65-CE1D81096A1D}.AppStore|iPhoneSimulator.ActiveCfg = AppStore|iPhoneSimulator
		{E2D3A88F-D0FF-48A2-AB65-CE1D81096A1D}.AppStore|iPhoneSimulator.Build.0 = AppStore|iPhoneSimulator
		{E2D3A88F-D0FF-48A2-AB65-CE1D81096A1D}.Debug|Any CPU.ActiveCfg = Debug|iPhone
		{E2D3A88F-D0FF-48A2-AB65-CE1D81096A1D}.Debug|iPhone.ActiveCfg = Debug|iPhone
		{E2D3A88F-D0FF-48A2-AB65-CE1D81096A1D}.Debug|iPhone.Build.0 = Debug|iPhone
		{E2D3A88F-D0FF-48A2-AB65-CE1D81096A1D}.Debug|iPhoneSimulator.ActiveCfg = Debug|iPhoneSimulator
		{E2D3A88F-D0FF-48A2-AB65-CE1D81096A1D}.Debug|iPhoneSimulator.Build.0 = Debug|iPhoneSimulator
		{E2D3A88F-D0FF-48A2-AB65-CE1D81096A1D}.Release|Any CPU.ActiveCfg = Release|iPhone
		{E2D3A88F-D0FF-48A2-AB65-CE1D81096A1D}.Release|iPhone.ActiveCfg = Release|iPhone
		{E2D3A88F-D0FF-48A2-AB65-CE1D81096A1D}.Release|iPhone.Build.0 = Release|iPhone
		{E2D3A88F-D0FF-48A2-AB65-CE1D81096A1D}.Release|iPhoneSimulator.ActiveCfg = Release|iPhoneSimulator
		{E2D3A88F-D0FF-48A2-AB65-CE1D81096A1D}.Release|iPhoneSimulator.Build.0 = Release|iPhoneSimulator
		{CE0F9FF9-CDF5-453A-B01E-C35828A67E27}.Ad-Hoc|Any CPU.ActiveCfg = Debug|Any CPU
		{CE0F9FF9-CDF5-453A-B01E-C35828A67E27}.Ad-Hoc|Any CPU.Build.0 = Debug|Any CPU
		{CE0F9FF9-CDF5-453A-B01E-C35828A67E27}.Ad-Hoc|iPhone.ActiveCfg = Debug|Any CPU
		{CE0F9FF9-CDF5-453A-B01E-C35828A67E27}.Ad-Hoc|iPhone.Build.0 = Debug|Any CPU
		{CE0F9FF9-CDF5-453A-B01E-C35828A67E27}.Ad-Hoc|iPhoneSimulator.ActiveCfg = Debug|Any CPU
		{CE0F9FF9-CDF5-453A-B01E-C35828A67E27}.Ad-Hoc|iPhoneSimulator.Build.0 = Debug|Any CPU
		{CE0F9FF9-CDF5-453A-B01E-C35828A67E27}.AppStore|Any CPU.ActiveCfg = Debug|Any CPU
		{CE0F9FF9-CDF5-453A-B01E-C35828A67E27}.AppStore|Any CPU.Build.0 = Debug|Any CPU
		{CE0F9FF9-CDF5-453A-B01E-C35828A67E27}.AppStore|iPhone.ActiveCfg = Debug|Any CPU
		{CE0F9FF9-CDF5-453A-B01E-C35828A67E27}.AppStore|iPhone.Build.0 = Debug|Any CPU
		{CE0F9FF9-CDF5-453A-B01E-C35828A67E27}.AppStore|iPhoneSimulator.ActiveCfg = Debug|Any CPU
		{CE0F9FF9-CDF5-453A-B01E-C35828A67E27}.AppStore|iPhoneSimulator.Build.0 = Debug|Any CPU
		{CE0F9FF9-CDF5-453A-B01E-C35828A67E27}.Debug|Any CPU.ActiveCfg = Debug|Any CPU
		{CE0F9FF9-CDF5-453A-B01E-C35828A67E27}.Debug|Any CPU.Build.0 = Debug|Any CPU
		{CE0F9FF9-CDF5-453A-B01E-C35828A67E27}.Debug|iPhone.ActiveCfg = Debug|Any CPU
		{CE0F9FF9-CDF5-453A-B01E-C35828A67E27}.Debug|iPhone.Build.0 = Debug|Any CPU
		{CE0F9FF9-CDF5-453A-B01E-C35828A67E27}.Debug|iPhoneSimulator.ActiveCfg = Debug|Any CPU
		{CE0F9FF9-CDF5-453A-B01E-C35828A67E27}.Debug|iPhoneSimulator.Build.0 = Debug|Any CPU
		{CE0F9FF9-CDF5-453A-B01E-C35828A67E27}.Release|Any CPU.ActiveCfg = Release|Any CPU
		{CE0F9FF9-CDF5-453A-B01E-C35828A67E27}.Release|Any CPU.Build.0 = Release|Any CPU
		{CE0F9FF9-CDF5-453A-B01E-C35828A67E27}.Release|iPhone.ActiveCfg = Release|Any CPU
		{CE0F9FF9-CDF5-453A-B01E-C35828A67E27}.Release|iPhone.Build.0 = Release|Any CPU
		{CE0F9FF9-CDF5-453A-B01E-C35828A67E27}.Release|iPhoneSimulator.ActiveCfg = Release|Any CPU
		{CE0F9FF9-CDF5-453A-B01E-C35828A67E27}.Release|iPhoneSimulator.Build.0 = Release|Any CPU
	EndGlobalSection
	GlobalSection(SolutionProperties) = preSolution
		HideSolutionNode = FALSE
	EndGlobalSection
	GlobalSection(ExtensibilityGlobals) = postSolution
		SolutionGuid = {CC8C5F2F-3903-4C0C-8738-FF7AA01F553A}
	EndGlobalSection
EndGlobal
